// !$*UTF8*$!
{
	archiveVersion = 1;
	classes = {
	};
	objectVersion = 50;
	objects = {

/* Begin PBXBuildFile section */
		8C5325CB169029C48E29904C /* Pods_VirtualTourist.framework in Frameworks */ = {isa = PBXBuildFile; fileRef = B02423FC540AFB81DCE4DCDC /* Pods_VirtualTourist.framework */; };
		9B088ABF221AC5330093C697 /* CoreDataStack.swift in Sources */ = {isa = PBXBuildFile; fileRef = 9B088ABE221AC5330093C697 /* CoreDataStack.swift */; };
		9B088AC1221AC5C00093C697 /* FlickerAPI.swift in Sources */ = {isa = PBXBuildFile; fileRef = 9B088AC0221AC5C00093C697 /* FlickerAPI.swift */; };
		9B088AC4221AC9260093C697 /* FetchResultsController.swift in Sources */ = {isa = PBXBuildFile; fileRef = 9B088AC3221AC9260093C697 /* FetchResultsController.swift */; };
		9B088AC6221AC9CD0093C697 /* Default-568h@2x.png in Resources */ = {isa = PBXBuildFile; fileRef = 9B088AC5221AC9CD0093C697 /* Default-568h@2x.png */; };
		9BCC270721FCF8A600C70728 /* AppDelegate.swift in Sources */ = {isa = PBXBuildFile; fileRef = 9BCC270621FCF8A600C70728 /* AppDelegate.swift */; };
		9BCC270C21FCF8A600C70728 /* Main.storyboard in Resources */ = {isa = PBXBuildFile; fileRef = 9BCC270A21FCF8A600C70728 /* Main.storyboard */; };
		9BCC270E21FCF8A700C70728 /* Assets.xcassets in Resources */ = {isa = PBXBuildFile; fileRef = 9BCC270D21FCF8A700C70728 /* Assets.xcassets */; };
		9BCC271121FCF8A700C70728 /* LaunchScreen.storyboard in Resources */ = {isa = PBXBuildFile; fileRef = 9BCC270F21FCF8A700C70728 /* LaunchScreen.storyboard */; };
		9BCC271921FCF8F900C70728 /* Core.swift in Sources */ = {isa = PBXBuildFile; fileRef = 9BCC271821FCF8F900C70728 /* Core.swift */; };
		9BCC271C21FCF91800C70728 /* VirtualTourist.xcdatamodeld in Sources */ = {isa = PBXBuildFile; fileRef = 9BCC271A21FCF91800C70728 /* VirtualTourist.xcdatamodeld */; };
		9BCC271E21FCF93000C70728 /* PhotoCellVC.swift in Sources */ = {isa = PBXBuildFile; fileRef = 9BCC271D21FCF93000C70728 /* PhotoCellVC.swift */; };
		9BCC272621FCF97A00C70728 /* MapVC.swift in Sources */ = {isa = PBXBuildFile; fileRef = 9BCC272521FCF97A00C70728 /* MapVC.swift */; };
		9BCC272821FCF99500C70728 /* PhotosAlbumVC.swift in Sources */ = {isa = PBXBuildFile; fileRef = 9BCC272721FCF99500C70728 /* PhotosAlbumVC.swift */; };
		9BCC272E21FCF9CC00C70728 /* Photo_CoreData.swift in Sources */ = {isa = PBXBuildFile; fileRef = 9BCC272D21FCF9CC00C70728 /* Photo_CoreData.swift */; };
		9BCC273221FCF9E800C70728 /* Pin_CoreData.swift in Sources */ = {isa = PBXBuildFile; fileRef = 9BCC273121FCF9E800C70728 /* Pin_CoreData.swift */; };
/* End PBXBuildFile section */

/* Begin PBXFileReference section */
		2573124DF005702E54E2DDEE /* Pods-VirtualTourist.release.xcconfig */ = {isa = PBXFileReference; includeInIndex = 1; lastKnownFileType = text.xcconfig; name = "Pods-VirtualTourist.release.xcconfig"; path = "Pods/Target Support Files/Pods-VirtualTourist/Pods-VirtualTourist.release.xcconfig"; sourceTree = "<group>"; };
		9B088ABE221AC5330093C697 /* CoreDataStack.swift */ = {isa = PBXFileReference; lastKnownFileType = sourcecode.swift; path = CoreDataStack.swift; sourceTree = "<group>"; };
		9B088AC0221AC5C00093C697 /* FlickerAPI.swift */ = {isa = PBXFileReference; lastKnownFileType = sourcecode.swift; path = FlickerAPI.swift; sourceTree = "<group>"; };
		9B088AC3221AC9260093C697 /* FetchResultsController.swift */ = {isa = PBXFileReference; lastKnownFileType = sourcecode.swift; path = FetchResultsController.swift; sourceTree = "<group>"; };
		9B088AC5221AC9CD0093C697 /* Default-568h@2x.png */ = {isa = PBXFileReference; lastKnownFileType = image.png; path = "Default-568h@2x.png"; sourceTree = "<group>"; };
		9BCC270321FCF8A600C70728 /* VirtualTourist.app */ = {isa = PBXFileReference; explicitFileType = wrapper.application; includeInIndex = 0; path = VirtualTourist.app; sourceTree = BUILT_PRODUCTS_DIR; };
		9BCC270621FCF8A600C70728 /* AppDelegate.swift */ = {isa = PBXFileReference; lastKnownFileType = sourcecode.swift; path = AppDelegate.swift; sourceTree = "<group>"; };
		9BCC270B21FCF8A600C70728 /* Base */ = {isa = PBXFileReference; lastKnownFileType = file.storyboard; name = Base; path = Base.lproj/Main.storyboard; sourceTree = "<group>"; };
		9BCC270D21FCF8A700C70728 /* Assets.xcassets */ = {isa = PBXFileReference; lastKnownFileType = folder.assetcatalog; path = Assets.xcassets; sourceTree = "<group>"; };
		9BCC271021FCF8A700C70728 /* Base */ = {isa = PBXFileReference; lastKnownFileType = file.storyboard; name = Base; path = Base.lproj/LaunchScreen.storyboard; sourceTree = "<group>"; };
		9BCC271221FCF8A700C70728 /* Info.plist */ = {isa = PBXFileReference; lastKnownFileType = text.plist.xml; path = Info.plist; sourceTree = "<group>"; };
		9BCC271821FCF8F900C70728 /* Core.swift */ = {isa = PBXFileReference; lastKnownFileType = sourcecode.swift; path = Core.swift; sourceTree = "<group>"; };
		9BCC271B21FCF91800C70728 /* VirtualTourist.xcdatamodel */ = {isa = PBXFileReference; lastKnownFileType = wrapper.xcdatamodel; path = VirtualTourist.xcdatamodel; sourceTree = "<group>"; };
		9BCC271D21FCF93000C70728 /* PhotoCellVC.swift */ = {isa = PBXFileReference; lastKnownFileType = sourcecode.swift; path = PhotoCellVC.swift; sourceTree = "<group>"; };
		9BCC272521FCF97A00C70728 /* MapVC.swift */ = {isa = PBXFileReference; lastKnownFileType = sourcecode.swift; path = MapVC.swift; sourceTree = "<group>"; };
		9BCC272721FCF99500C70728 /* PhotosAlbumVC.swift */ = {isa = PBXFileReference; lastKnownFileType = sourcecode.swift; path = PhotosAlbumVC.swift; sourceTree = "<group>"; };
		9BCC272D21FCF9CC00C70728 /* Photo_CoreData.swift */ = {isa = PBXFileReference; lastKnownFileType = sourcecode.swift; path = Photo_CoreData.swift; sourceTree = "<group>"; };
		9BCC273121FCF9E800C70728 /* Pin_CoreData.swift */ = {isa = PBXFileReference; lastKnownFileType = sourcecode.swift; path = Pin_CoreData.swift; sourceTree = "<group>"; };
		B02423FC540AFB81DCE4DCDC /* Pods_VirtualTourist.framework */ = {isa = PBXFileReference; explicitFileType = wrapper.framework; includeInIndex = 0; path = Pods_VirtualTourist.framework; sourceTree = BUILT_PRODUCTS_DIR; };
		F877D0ED07B8F9326EBB940C /* Pods-VirtualTourist.debug.xcconfig */ = {isa = PBXFileReference; includeInIndex = 1; lastKnownFileType = text.xcconfig; name = "Pods-VirtualTourist.debug.xcconfig"; path = "Pods/Target Support Files/Pods-VirtualTourist/Pods-VirtualTourist.debug.xcconfig"; sourceTree = "<group>"; };
/* End PBXFileReference section */

/* Begin PBXFrameworksBuildPhase section */
		9BCC270021FCF8A600C70728 /* Frameworks */ = {
			isa = PBXFrameworksBuildPhase;
			buildActionMask = 2147483647;
			files = (
				8C5325CB169029C48E29904C /* Pods_VirtualTourist.framework in Frameworks */,
			);
			runOnlyForDeploymentPostprocessing = 0;
		};
/* End PBXFrameworksBuildPhase section */

/* Begin PBXGroup section */
		8686B0717C388F8BE12FAB94 /* Frameworks */ = {
			isa = PBXGroup;
			children = (
				B02423FC540AFB81DCE4DCDC /* Pods_VirtualTourist.framework */,
			);
			name = Frameworks;
			sourceTree = "<group>";
		};
		9B088AB92219B8950093C697 /* Model */ = {
			isa = PBXGroup;
			children = (
				9BCC273121FCF9E800C70728 /* Pin_CoreData.swift */,
				9BCC272D21FCF9CC00C70728 /* Photo_CoreData.swift */,
				9B088ABE221AC5330093C697 /* CoreDataStack.swift */,
				9B088AC0221AC5C00093C697 /* FlickerAPI.swift */,
			);
			path = Model;
			sourceTree = "<group>";
		};
		9B088ABA2219B8D30093C697 /* Controllers */ = {
			isa = PBXGroup;
			children = (
				9BCC271821FCF8F900C70728 /* Core.swift */,
				9BCC272521FCF97A00C70728 /* MapVC.swift */,
				9BCC272721FCF99500C70728 /* PhotosAlbumVC.swift */,
				9BCC271D21FCF93000C70728 /* PhotoCellVC.swift */,
				9B088AC3221AC9260093C697 /* FetchResultsController.swift */,
			);
			path = Controllers;
			sourceTree = "<group>";
		};
		9B088ABB2219B9020093C697 /* Assets */ = {
			isa = PBXGroup;
			children = (
				9BCC270A21FCF8A600C70728 /* Main.storyboard */,
				9BCC270F21FCF8A700C70728 /* LaunchScreen.storyboard */,
				9BCC270D21FCF8A700C70728 /* Assets.xcassets */,
			);
			path = Assets;
			sourceTree = "<group>";
		};
		9BCC26FA21FCF8A600C70728 = {
			isa = PBXGroup;
			children = (
				9B088AC5221AC9CD0093C697 /* Default-568h@2x.png */,
				9BCC270521FCF8A600C70728 /* VirtualTourist */,
				9BCC270421FCF8A600C70728 /* Products */,
				B4239D329BF871E1829F1952 /* Pods */,
				8686B0717C388F8BE12FAB94 /* Frameworks */,
			);
			sourceTree = "<group>";
		};
		9BCC270421FCF8A600C70728 /* Products */ = {
			isa = PBXGroup;
			children = (
				9BCC270321FCF8A600C70728 /* VirtualTourist.app */,
			);
			name = Products;
			sourceTree = "<group>";
		};
		9BCC270521FCF8A600C70728 /* VirtualTourist */ = {
			isa = PBXGroup;
			children = (
				9BCC270621FCF8A600C70728 /* AppDelegate.swift */,
				9BCC271221FCF8A700C70728 /* Info.plist */,
				9BCC271A21FCF91800C70728 /* VirtualTourist.xcdatamodeld */,
				9B088ABA2219B8D30093C697 /* Controllers */,
				9B088AB92219B8950093C697 /* Model */,
				9B088ABB2219B9020093C697 /* Assets */,
			);
			path = VirtualTourist;
			sourceTree = "<group>";
		};
		B4239D329BF871E1829F1952 /* Pods */ = {
			isa = PBXGroup;
			children = (
				F877D0ED07B8F9326EBB940C /* Pods-VirtualTourist.debug.xcconfig */,
				2573124DF005702E54E2DDEE /* Pods-VirtualTourist.release.xcconfig */,
			);
			name = Pods;
			sourceTree = "<group>";
		};
/* End PBXGroup section */

/* Begin PBXNativeTarget section */
		9BCC270221FCF8A600C70728 /* VirtualTourist */ = {
			isa = PBXNativeTarget;
			buildConfigurationList = 9BCC271521FCF8A700C70728 /* Build configuration list for PBXNativeTarget "VirtualTourist" */;
			buildPhases = (
				FBC83CD3D8E7FD6B35CC56E4 /* [CP] Check Pods Manifest.lock */,
				9BCC26FF21FCF8A600C70728 /* Sources */,
				9BCC270021FCF8A600C70728 /* Frameworks */,
				9BCC270121FCF8A600C70728 /* Resources */,
				67846F1BB28DD2B1D5DE0F89 /* [CP] Embed Pods Frameworks */,
			);
			buildRules = (
			);
			dependencies = (
			);
			name = VirtualTourist;
			productName = VirtualTourist;
			productReference = 9BCC270321FCF8A600C70728 /* VirtualTourist.app */;
			productType = "com.apple.product-type.application";
		};
/* End PBXNativeTarget section */

/* Begin PBXProject section */
		9BCC26FB21FCF8A600C70728 /* Project object */ = {
			isa = PBXProject;
			attributes = {
				LastSwiftUpdateCheck = 1010;
				LastUpgradeCheck = 1010;
				ORGANIZATIONNAME = "Reem AlSalloom";
				TargetAttributes = {
					9BCC270221FCF8A600C70728 = {
						CreatedOnToolsVersion = 10.1;
					};
				};
			};
			buildConfigurationList = 9BCC26FE21FCF8A600C70728 /* Build configuration list for PBXProject "VirtualTourist" */;
			compatibilityVersion = "Xcode 9.3";
			developmentRegion = en;
			hasScannedForEncodings = 0;
			knownRegions = (
				en,
				Base,
			);
			mainGroup = 9BCC26FA21FCF8A600C70728;
			productRefGroup = 9BCC270421FCF8A600C70728 /* Products */;
			projectDirPath = "";
			projectRoot = "";
			targets = (
				9BCC270221FCF8A600C70728 /* VirtualTourist */,
			);
		};
/* End PBXProject section */

/* Begin PBXResourcesBuildPhase section */
		9BCC270121FCF8A600C70728 /* Resources */ = {
			isa = PBXResourcesBuildPhase;
			buildActionMask = 2147483647;
			files = (
				9BCC271121FCF8A700C70728 /* LaunchScreen.storyboard in Resources */,
				9B088AC6221AC9CD0093C697 /* Default-568h@2x.png in Resources */,
				9BCC270E21FCF8A700C70728 /* Assets.xcassets in Resources */,
				9BCC270C21FCF8A600C70728 /* Main.storyboard in Resources */,
			);
			runOnlyForDeploymentPostprocessing = 0;
		};
/* End PBXResourcesBuildPhase section */

/* Begin PBXShellScriptBuildPhase section */
		67846F1BB28DD2B1D5DE0F89 /* [CP] Embed Pods Frameworks */ = {
			isa = PBXShellScriptBuildPhase;
			buildActionMask = 2147483647;
			files = (
			);
			inputFileListPaths = (
			);
			inputPaths = (
				"${SRCROOT}/Pods/Target Support Files/Pods-VirtualTourist/Pods-VirtualTourist-frameworks.sh",
				"${BUILT_PRODUCTS_DIR}/Kingfisher/Kingfisher.framework",
			);
			name = "[CP] Embed Pods Frameworks";
			outputFileListPaths = (
			);
			outputPaths = (
				"${TARGET_BUILD_DIR}/${FRAMEWORKS_FOLDER_PATH}/Kingfisher.framework",
			);
			runOnlyForDeploymentPostprocessing = 0;
			shellPath = /bin/sh;
			shellScript = "\"${SRCROOT}/Pods/Target Support Files/Pods-VirtualTourist/Pods-VirtualTourist-frameworks.sh\"\n";
			showEnvVarsInLog = 0;
		};
		FBC83CD3D8E7FD6B35CC56E4 /* [CP] Check Pods Manifest.lock */ = {
			isa = PBXShellScriptBuildPhase;
			buildActionMask = 2147483647;
			files = (
			);
			inputFileListPaths = (
			);
			inputPaths = (
				"${PODS_PODFILE_DIR_PATH}/Podfile.lock",
				"${PODS_ROOT}/Manifest.lock",
			);
			name = "[CP] Check Pods Manifest.lock";
			outputFileListPaths = (
			);
			outputPaths = (
				"$(DERIVED_FILE_DIR)/Pods-VirtualTourist-checkManifestLockResult.txt",
			);
			runOnlyForDeploymentPostprocessing = 0;
			shellPath = /bin/sh;
			shellScript = "diff \"${PODS_PODFILE_DIR_PATH}/Podfile.lock\" \"${PODS_ROOT}/Manifest.lock\" > /dev/null\nif [ $? != 0 ] ; then\n    # print error to STDERR\n    echo \"error: The sandbox is not in sync with the Podfile.lock. Run 'pod install' or update your CocoaPods installation.\" >&2\n    exit 1\nfi\n# This output is used by Xcode 'outputs' to avoid re-running this script phase.\necho \"SUCCESS\" > \"${SCRIPT_OUTPUT_FILE_0}\"\n";
			showEnvVarsInLog = 0;
		};
/* End PBXShellScriptBuildPhase section */

/* Begin PBXSourcesBuildPhase section */
		9BCC26FF21FCF8A600C70728 /* Sources */ = {
			isa = PBXSourcesBuildPhase;
			buildActionMask = 2147483647;
			files = (
				9BCC273221FCF9E800C70728 /* Pin_CoreData.swift in Sources */,
				9BCC271C21FCF91800C70728 /* VirtualTourist.xcdatamodeld in Sources */,
				9B088ABF221AC5330093C697 /* CoreDataStack.swift in Sources */,
				9B088AC4221AC9260093C697 /* FetchResultsController.swift in Sources */,
				9B088AC1221AC5C00093C697 /* FlickerAPI.swift in Sources */,
				9BCC271E21FCF93000C70728 /* PhotoCellVC.swift in Sources */,
				9BCC271921FCF8F900C70728 /* Core.swift in Sources */,
				9BCC272E21FCF9CC00C70728 /* Photo_CoreData.swift in Sources */,
				9BCC272821FCF99500C70728 /* PhotosAlbumVC.swift in Sources */,
				9BCC272621FCF97A00C70728 /* MapVC.swift in Sources */,
				9BCC270721FCF8A600C70728 /* AppDelegate.swift in Sources */,
			);
			runOnlyForDeploymentPostprocessing = 0;
		};
/* End PBXSourcesBuildPhase section */

/* Begin PBXVariantGroup section */
		9BCC270A21FCF8A600C70728 /* Main.storyboard */ = {
			isa = PBXVariantGroup;
			children = (
				9BCC270B21FCF8A600C70728 /* Base */,
			);
			name = Main.storyboard;
			sourceTree = "<group>";
		};
		9BCC270F21FCF8A700C70728 /* LaunchScreen.storyboard */ = {
			isa = PBXVariantGroup;
			children = (
				9BCC271021FCF8A700C70728 /* Base */,
			);
			name = LaunchScreen.storyboard;
			sourceTree = "<group>";
		};
/* End PBXVariantGroup section */

/* Begin XCBuildConfiguration section */
		9BCC271321FCF8A700C70728 /* Debug */ = {
			isa = XCBuildConfiguration;
			buildSettings = {
				ALWAYS_SEARCH_USER_PATHS = NO;
				CLANG_ANALYZER_NONNULL = YES;
				CLANG_ANALYZER_NUMBER_OBJECT_CONVERSION = YES_AGGRESSIVE;
				CLANG_CXX_LANGUAGE_STANDARD = "gnu++14";
				CLANG_CXX_LIBRARY = "libc++";
				CLANG_ENABLE_MODULES = YES;
				CLANG_ENABLE_OBJC_ARC = YES;
				CLANG_ENABLE_OBJC_WEAK = YES;
				CLANG_WARN_BLOCK_CAPTURE_AUTORELEASING = YES;
				CLANG_WARN_BOOL_CONVERSION = YES;
				CLANG_WARN_COMMA = YES;
				CLANG_WARN_CONSTANT_CONVERSION = YES;
				CLANG_WARN_DEPRECATED_OBJC_IMPLEMENTATIONS = YES;
				CLANG_WARN_DIRECT_OBJC_ISA_USAGE = YES_ERROR;
				CLANG_WARN_DOCUMENTATION_COMMENTS = YES;
				CLANG_WARN_EMPTY_BODY = YES;
				CLANG_WARN_ENUM_CONVERSION = YES;
				CLANG_WARN_INFINITE_RECURSION = YES;
				CLANG_WARN_INT_CONVERSION = YES;
				CLANG_WARN_NON_LITERAL_NULL_CONVERSION = YES;
				CLANG_WARN_OBJC_IMPLICIT_RETAIN_SELF = YES;
				CLANG_WARN_OBJC_LITERAL_CONVERSION = YES;
				CLANG_WARN_OBJC_ROOT_CLASS = YES_ERROR;
				CLANG_WARN_RANGE_LOOP_ANALYSIS = YES;
				CLANG_WARN_STRICT_PROTOTYPES = YES;
				CLANG_WARN_SUSPICIOUS_MOVE = YES;
				CLANG_WARN_UNGUARDED_AVAILABILITY = YES_AGGRESSIVE;
				CLANG_WARN_UNREACHABLE_CODE = YES;
				CLANG_WARN__DUPLICATE_METHOD_MATCH = YES;
				CODE_SIGN_IDENTITY = "iPhone Developer";
				COPY_PHASE_STRIP = NO;
				DEBUG_INFORMATION_FORMAT = dwarf;
				ENABLE_STRICT_OBJC_MSGSEND = YES;
				ENABLE_TESTABILITY = YES;
				GCC_C_LANGUAGE_STANDARD = gnu11;
				GCC_DYNAMIC_NO_PIC = NO;
				GCC_NO_COMMON_BLOCKS = YES;
				GCC_OPTIMIZATION_LEVEL = 0;
				GCC_PREPROCESSOR_DEFINITIONS = (
					"DEBUG=1",
					"$(inherited)",
				);
				GCC_WARN_64_TO_32_BIT_CONVERSION = YES;
				GCC_WARN_ABOUT_RETURN_TYPE = YES_ERROR;
				GCC_WARN_UNDECLARED_SELECTOR = YES;
				GCC_WARN_UNINITIALIZED_AUTOS = YES_AGGRESSIVE;
				GCC_WARN_UNUSED_FUNCTION = YES;
				GCC_WARN_UNUSED_VARIABLE = YES;
				IPHONEOS_DEPLOYMENT_TARGET = 12.1;
				MTL_ENABLE_DEBUG_INFO = INCLUDE_SOURCE;
				MTL_FAST_MATH = YES;
				ONLY_ACTIVE_ARCH = YES;
				SDKROOT = iphoneos;
				SWIFT_ACTIVE_COMPILATION_CONDITIONS = DEBUG;
				SWIFT_OPTIMIZATION_LEVEL = "-Onone";
			};
			name = Debug;
		};
		9BCC271421FCF8A700C70728 /* Release */ = {
			isa = XCBuildConfiguration;
			buildSettings = {
				ALWAYS_SEARCH_USER_PATHS = NO;
				CLANG_ANALYZER_NONNULL = YES;
				CLANG_ANALYZER_NUMBER_OBJECT_CONVERSION = YES_AGGRESSIVE;
				CLANG_CXX_LANGUAGE_STANDARD = "gnu++14";
				CLANG_CXX_LIBRARY = "libc++";
				CLANG_ENABLE_MODULES = YES;
				CLANG_ENABLE_OBJC_ARC = YES;
				CLANG_ENABLE_OBJC_WEAK = YES;
				CLANG_WARN_BLOCK_CAPTURE_AUTORELEASING = YES;
				CLANG_WARN_BOOL_CONVERSION = YES;
				CLANG_WARN_COMMA = YES;
				CLANG_WARN_CONSTANT_CONVERSION = YES;
				CLANG_WARN_DEPRECATED_OBJC_IMPLEMENTATIONS = YES;
				CLANG_WARN_DIRECT_OBJC_ISA_USAGE = YES_ERROR;
				CLANG_WARN_DOCUMENTATION_COMMENTS = YES;
				CLANG_WARN_EMPTY_BODY = YES;
				CLANG_WARN_ENUM_CONVERSION = YES;
				CLANG_WARN_INFINITE_RECURSION = YES;
				CLANG_WARN_INT_CONVERSION = YES;
				CLANG_WARN_NON_LITERAL_NULL_CONVERSION = YES;
				CLANG_WARN_OBJC_IMPLICIT_RETAIN_SELF = YES;
				CLANG_WARN_OBJC_LITERAL_CONVERSION = YES;
				CLANG_WARN_OBJC_ROOT_CLASS = YES_ERROR;
				CLANG_WARN_RANGE_LOOP_ANALYSIS = YES;
				CLANG_WARN_STRICT_PROTOTYPES = YES;
				CLANG_WARN_SUSPICIOUS_MOVE = YES;
				CLANG_WARN_UNGUARDED_AVAILABILITY = YES_AGGRESSIVE;
				CLANG_WARN_UNREACHABLE_CODE = YES;
				CLANG_WARN__DUPLICATE_METHOD_MATCH = YES;
				CODE_SIGN_IDENTITY = "iPhone Developer";
				COPY_PHASE_STRIP = NO;
				DEBUG_INFORMATION_FORMAT = "dwarf-with-dsym";
				ENABLE_NS_ASSERTIONS = NO;
				ENABLE_STRICT_OBJC_MSGSEND = YES;
				GCC_C_LANGUAGE_STANDARD = gnu11;
				GCC_NO_COMMON_BLOCKS = YES;
				GCC_WARN_64_TO_32_BIT_CONVERSION = YES;
				GCC_WARN_ABOUT_RETURN_TYPE = YES_ERROR;
				GCC_WARN_UNDECLARED_SELECTOR = YES;
				GCC_WARN_UNINITIALIZED_AUTOS = YES_AGGRESSIVE;
				GCC_WARN_UNUSED_FUNCTION = YES;
				GCC_WARN_UNUSED_VARIABLE = YES;
				IPHONEOS_DEPLOYMENT_TARGET = 12.1;
				MTL_ENABLE_DEBUG_INFO = NO;
				MTL_FAST_MATH = YES;
				SDKROOT = iphoneos;
				SWIFT_COMPILATION_MODE = wholemodule;
				SWIFT_OPTIMIZATION_LEVEL = "-O";
				VALIDATE_PRODUCT = YES;
			};
			name = Release;
		};
		9BCC271621FCF8A700C70728 /* Debug */ = {
			isa = XCBuildConfiguration;
			baseConfigurationReference = F877D0ED07B8F9326EBB940C /* Pods-VirtualTourist.debug.xcconfig */;
			buildSettings = {
				ASSETCATALOG_COMPILER_APPICON_NAME = AppIcon;
				CODE_SIGN_STYLE = Automatic;
				INFOPLIST_FILE = VirtualTourist/Info.plist;
				LD_RUNPATH_SEARCH_PATHS = (
					"$(inherited)",
					"@executable_path/Frameworks",
				);
				PRODUCT_BUNDLE_IDENTIFIER = com.reemsalloom.VirtualTourist;
				PRODUCT_NAME = "$(TARGET_NAME)";
				SWIFT_VERSION = 4.2;
				TARGETED_DEVICE_FAMILY = "1,2";
			};
			name = Debug;
		};
		9BCC271721FCF8A700C70728 /* Release */ = {
			isa = XCBuildConfiguration;
			baseConfigurationReference = 2573124DF005702E54E2DDEE /* Pods-VirtualTourist.release.xcconfig */;
			buildSettings = {
				ASSETCATALOG_COMPILER_APPICON_NAME = AppIcon;
				CODE_SIGN_STYLE = Automatic;
				INFOPLIST_FILE = VirtualTourist/Info.plist;
				LD_RUNPATH_SEARCH_PATHS = (
					"$(inherited)",
					"@executable_path/Frameworks",
				);
				PRODUCT_BUNDLE_IDENTIFIER = com.reemsalloom.VirtualTourist;
				PRODUCT_NAME = "$(TARGET_NAME)";
				SWIFT_VERSION = 4.2;
				TARGETED_DEVICE_FAMILY = "1,2";
			};
			name = Release;
		};
/* End XCBuildConfiguration section */

/* Begin XCConfigurationList section */
		9BCC26FE21FCF8A600C70728 /* Build configuration list for PBXProject "VirtualTourist" */ = {
			isa = XCConfigurationList;
			buildConfigurations = (
				9BCC271321FCF8A700C70728 /* Debug */,
				9BCC271421FCF8A700C70728 /* Release */,
			);
			defaultConfigurationIsVisible = 0;
			defaultConfigurationName = Release;
		};
		9BCC271521FCF8A700C70728 /* Build configuration list for PBXNativeTarget "VirtualTourist" */ = {
			isa = XCConfigurationList;
			buildConfigurations = (
				9BCC271621FCF8A700C70728 /* Debug */,
				9BCC271721FCF8A700C70728 /* Release */,
			);
			defaultConfigurationIsVisible = 0;
			defaultConfigurationName = Release;
		};
/* End XCConfigurationList section */

/* Begin XCVersionGroup section */
		9BCC271A21FCF91800C70728 /* VirtualTourist.xcdatamodeld */ = {
			isa = XCVersionGroup;
			children = (
				9BCC271B21FCF91800C70728 /* VirtualTourist.xcdatamodel */,
			);
			currentVersion = 9BCC271B21FCF91800C70728 /* VirtualTourist.xcdatamodel */;
			path = VirtualTourist.xcdatamodeld;
			sourceTree = "<group>";
			versionGroupType = wrapper.xcdatamodel;
		};
/* End XCVersionGroup section */
	};
	rootObject = 9BCC26FB21FCF8A600C70728 /* Project object */;
}
